
Microsoft Visual Studio Solution File, Format Version 12.00
# Visual Studio Version 16
VisualStudioVersion = 16.0.31205.134
MinimumVisualStudioVersion = 10.0.40219.1
Project("{FAE04EC0-301F-11D3-BF4B-00C04F79EFBC}") = "ReproductorMusicaGloria", "ReproductorMusicaGloria\ReproductorMusicaGloria.csproj", "{34535D92-F9EC-4C38-88E2-1992C1884A2B}"
EndProject
Global
	GlobalSection(SolutionConfigurationPlatforms) = preSolution
		Debug|Any CPU = Debug|Any CPU
		Release|Any CPU = Release|Any CPU
	EndGlobalSection
	GlobalSection(ProjectConfigurationPlatforms) = postSolution
		{34535D92-F9EC-4C38-88E2-1992C1884A2B}.Debug|Any CPU.ActiveCfg = Debug|Any CPU
		{34535D92-F9EC-4C38-88E2-1992C1884A2B}.Debug|Any CPU.Build.0 = Debug|Any CPU
		{34535D92-F9EC-4C38-88E2-1992C1884A2B}.Release|Any CPU.ActiveCfg = Release|Any CPU
		{34535D92-F9EC-4C38-88E2-1992C1884A2B}.Release|Any CPU.Build.0 = Release|Any CPU
	EndGlobalSection
	GlobalSection(SolutionProperties) = preSolution
		HideSolutionNode = FALSE
	EndGlobalSection
	GlobalSection(ExtensibilityGlobals) = postSolution
		SolutionGuid = {636797BD-DF11-4030-99E7-B9E926721616}
	EndGlobalSection
EndGlobal
